
Microsoft Visual Studio Solution File, Format Version 12.00
# Visual Studio Version 16
VisualStudioVersion = 16.0.31105.61
MinimumVisualStudioVersion = 10.0.40219.1
Project("{8BC9CEB8-8B4A-11D0-8D11-00A0C91BC942}") = "10026 적록색약", "10026 적록색약\10026 적록색약.vcxproj", "{34E9DF30-C19D-4C5C-A43C-9625B46783C0}"
EndProject
Global
	GlobalSection(SolutionConfigurationPlatforms) = preSolution
		Debug|x64 = Debug|x64
		Debug|x86 = Debug|x86
		Release|x64 = Release|x64
		Release|x86 = Release|x86
	EndGlobalSection
	GlobalSection(ProjectConfigurationPlatforms) = postSolution
		{34E9DF30-C19D-4C5C-A43C-9625B46783C0}.Debug|x64.ActiveCfg = Debug|x64
		{34E9DF30-C19D-4C5C-A43C-9625B46783C0}.Debug|x64.Build.0 = Debug|x64
		{34E9DF30-C19D-4C5C-A43C-9625B46783C0}.Debug|x86.ActiveCfg = Debug|Win32
		{34E9DF30-C19D-4C5C-A43C-9625B46783C0}.Debug|x86.Build.0 = Debug|Win32
		{34E9DF30-C19D-4C5C-A43C-9625B46783C0}.Release|x64.ActiveCfg = Release|x64
		{34E9DF30-C19D-4C5C-A43C-9625B46783C0}.Release|x64.Build.0 = Release|x64
		{34E9DF30-C19D-4C5C-A43C-9625B46783C0}.Release|x86.ActiveCfg = Release|Win32
		{34E9DF30-C19D-4C5C-A43C-9625B46783C0}.Release|x86.Build.0 = Release|Win32
	EndGlobalSection
	GlobalSection(SolutionProperties) = preSolution
		HideSolutionNode = FALSE
	EndGlobalSection
	GlobalSection(ExtensibilityGlobals) = postSolution
		SolutionGuid = {82E51461-E686-4D50-B058-A08F0FBCFB79}
	EndGlobalSection
EndGlobal
