
Microsoft Visual Studio Solution File, Format Version 12.00
# Visual Studio Version 16
VisualStudioVersion = 16.0.31105.61
MinimumVisualStudioVersion = 10.0.40219.1
Project("{8BC9CEB8-8B4A-11D0-8D11-00A0C91BC942}") = "1302 베스트셀러", "1302 베스트셀러\1302 베스트셀러.vcxproj", "{4B30299A-66CC-4175-9FFB-74DD9B0ED828}"
EndProject
Global
	GlobalSection(SolutionConfigurationPlatforms) = preSolution
		Debug|x64 = Debug|x64
		Debug|x86 = Debug|x86
		Release|x64 = Release|x64
		Release|x86 = Release|x86
	EndGlobalSection
	GlobalSection(ProjectConfigurationPlatforms) = postSolution
		{4B30299A-66CC-4175-9FFB-74DD9B0ED828}.Debug|x64.ActiveCfg = Debug|x64
		{4B30299A-66CC-4175-9FFB-74DD9B0ED828}.Debug|x64.Build.0 = Debug|x64
		{4B30299A-66CC-4175-9FFB-74DD9B0ED828}.Debug|x86.ActiveCfg = Debug|Win32
		{4B30299A-66CC-4175-9FFB-74DD9B0ED828}.Debug|x86.Build.0 = Debug|Win32
		{4B30299A-66CC-4175-9FFB-74DD9B0ED828}.Release|x64.ActiveCfg = Release|x64
		{4B30299A-66CC-4175-9FFB-74DD9B0ED828}.Release|x64.Build.0 = Release|x64
		{4B30299A-66CC-4175-9FFB-74DD9B0ED828}.Release|x86.ActiveCfg = Release|Win32
		{4B30299A-66CC-4175-9FFB-74DD9B0ED828}.Release|x86.Build.0 = Release|Win32
	EndGlobalSection
	GlobalSection(SolutionProperties) = preSolution
		HideSolutionNode = FALSE
	EndGlobalSection
	GlobalSection(ExtensibilityGlobals) = postSolution
		SolutionGuid = {103E0F0D-0285-4839-9368-3F29DC09B6E6}
	EndGlobalSection
EndGlobal
