
Microsoft Visual Studio Solution File, Format Version 12.00
# Visual Studio Version 16
VisualStudioVersion = 16.0.31105.61
MinimumVisualStudioVersion = 10.0.40219.1
Project("{8BC9CEB8-8B4A-11D0-8D11-00A0C91BC942}") = "1024 수열의 합", "1024 수열의 합\1024 수열의 합.vcxproj", "{ABDE0075-7436-4B4A-8FB2-461C5822EE76}"
EndProject
Global
	GlobalSection(SolutionConfigurationPlatforms) = preSolution
		Debug|x64 = Debug|x64
		Debug|x86 = Debug|x86
		Release|x64 = Release|x64
		Release|x86 = Release|x86
	EndGlobalSection
	GlobalSection(ProjectConfigurationPlatforms) = postSolution
		{ABDE0075-7436-4B4A-8FB2-461C5822EE76}.Debug|x64.ActiveCfg = Debug|x64
		{ABDE0075-7436-4B4A-8FB2-461C5822EE76}.Debug|x64.Build.0 = Debug|x64
		{ABDE0075-7436-4B4A-8FB2-461C5822EE76}.Debug|x86.ActiveCfg = Debug|Win32
		{ABDE0075-7436-4B4A-8FB2-461C5822EE76}.Debug|x86.Build.0 = Debug|Win32
		{ABDE0075-7436-4B4A-8FB2-461C5822EE76}.Release|x64.ActiveCfg = Release|x64
		{ABDE0075-7436-4B4A-8FB2-461C5822EE76}.Release|x64.Build.0 = Release|x64
		{ABDE0075-7436-4B4A-8FB2-461C5822EE76}.Release|x86.ActiveCfg = Release|Win32
		{ABDE0075-7436-4B4A-8FB2-461C5822EE76}.Release|x86.Build.0 = Release|Win32
	EndGlobalSection
	GlobalSection(SolutionProperties) = preSolution
		HideSolutionNode = FALSE
	EndGlobalSection
	GlobalSection(ExtensibilityGlobals) = postSolution
		SolutionGuid = {D9F0FB6F-78AF-41CB-89D2-D8733262F3CF}
	EndGlobalSection
EndGlobal
