
Microsoft Visual Studio Solution File, Format Version 12.00
# Visual Studio Version 16
VisualStudioVersion = 16.0.32428.217
MinimumVisualStudioVersion = 10.0.40219.1
Project("{8BC9CEB8-8B4A-11D0-8D11-00A0C91BC942}") = "2417 정수 제곱근", "2417 정수 제곱근\2417 정수 제곱근.vcxproj", "{A0F023D6-C2E7-49A8-8151-4E1F0B20B79E}"
EndProject
Global
	GlobalSection(SolutionConfigurationPlatforms) = preSolution
		Debug|x64 = Debug|x64
		Debug|x86 = Debug|x86
		Release|x64 = Release|x64
		Release|x86 = Release|x86
	EndGlobalSection
	GlobalSection(ProjectConfigurationPlatforms) = postSolution
		{A0F023D6-C2E7-49A8-8151-4E1F0B20B79E}.Debug|x64.ActiveCfg = Debug|x64
		{A0F023D6-C2E7-49A8-8151-4E1F0B20B79E}.Debug|x64.Build.0 = Debug|x64
		{A0F023D6-C2E7-49A8-8151-4E1F0B20B79E}.Debug|x86.ActiveCfg = Debug|Win32
		{A0F023D6-C2E7-49A8-8151-4E1F0B20B79E}.Debug|x86.Build.0 = Debug|Win32
		{A0F023D6-C2E7-49A8-8151-4E1F0B20B79E}.Release|x64.ActiveCfg = Release|x64
		{A0F023D6-C2E7-49A8-8151-4E1F0B20B79E}.Release|x64.Build.0 = Release|x64
		{A0F023D6-C2E7-49A8-8151-4E1F0B20B79E}.Release|x86.ActiveCfg = Release|Win32
		{A0F023D6-C2E7-49A8-8151-4E1F0B20B79E}.Release|x86.Build.0 = Release|Win32
	EndGlobalSection
	GlobalSection(SolutionProperties) = preSolution
		HideSolutionNode = FALSE
	EndGlobalSection
	GlobalSection(ExtensibilityGlobals) = postSolution
		SolutionGuid = {41E559B0-9D5D-4B86-8243-A2F5B38AE42F}
	EndGlobalSection
EndGlobal
