
Microsoft Visual Studio Solution File, Format Version 12.00
# Visual Studio Version 16
VisualStudioVersion = 16.0.32428.217
MinimumVisualStudioVersion = 10.0.40219.1
Project("{8BC9CEB8-8B4A-11D0-8D11-00A0C91BC942}") = "9237 이장님 초대", "9237 이장님 초대\9237 이장님 초대.vcxproj", "{B6ACDA31-5540-4AAC-B00A-0AE067BF40EC}"
EndProject
Global
	GlobalSection(SolutionConfigurationPlatforms) = preSolution
		Debug|x64 = Debug|x64
		Debug|x86 = Debug|x86
		Release|x64 = Release|x64
		Release|x86 = Release|x86
	EndGlobalSection
	GlobalSection(ProjectConfigurationPlatforms) = postSolution
		{B6ACDA31-5540-4AAC-B00A-0AE067BF40EC}.Debug|x64.ActiveCfg = Debug|x64
		{B6ACDA31-5540-4AAC-B00A-0AE067BF40EC}.Debug|x64.Build.0 = Debug|x64
		{B6ACDA31-5540-4AAC-B00A-0AE067BF40EC}.Debug|x86.ActiveCfg = Debug|Win32
		{B6ACDA31-5540-4AAC-B00A-0AE067BF40EC}.Debug|x86.Build.0 = Debug|Win32
		{B6ACDA31-5540-4AAC-B00A-0AE067BF40EC}.Release|x64.ActiveCfg = Release|x64
		{B6ACDA31-5540-4AAC-B00A-0AE067BF40EC}.Release|x64.Build.0 = Release|x64
		{B6ACDA31-5540-4AAC-B00A-0AE067BF40EC}.Release|x86.ActiveCfg = Release|Win32
		{B6ACDA31-5540-4AAC-B00A-0AE067BF40EC}.Release|x86.Build.0 = Release|Win32
	EndGlobalSection
	GlobalSection(SolutionProperties) = preSolution
		HideSolutionNode = FALSE
	EndGlobalSection
	GlobalSection(ExtensibilityGlobals) = postSolution
		SolutionGuid = {3541F48F-25D3-48E0-B205-A0D0D278CF6D}
	EndGlobalSection
EndGlobal
