
Microsoft Visual Studio Solution File, Format Version 12.00
# Visual Studio Version 16
VisualStudioVersion = 16.0.31105.61
MinimumVisualStudioVersion = 10.0.40219.1
Project("{8BC9CEB8-8B4A-11D0-8D11-00A0C91BC942}") = "2798 블랙잭", "2798 블랙잭\2798 블랙잭.vcxproj", "{B21ACD65-DEA2-48EE-93A2-AC6FBAA8EBF7}"
EndProject
Global
	GlobalSection(SolutionConfigurationPlatforms) = preSolution
		Debug|x64 = Debug|x64
		Debug|x86 = Debug|x86
		Release|x64 = Release|x64
		Release|x86 = Release|x86
	EndGlobalSection
	GlobalSection(ProjectConfigurationPlatforms) = postSolution
		{B21ACD65-DEA2-48EE-93A2-AC6FBAA8EBF7}.Debug|x64.ActiveCfg = Debug|x64
		{B21ACD65-DEA2-48EE-93A2-AC6FBAA8EBF7}.Debug|x64.Build.0 = Debug|x64
		{B21ACD65-DEA2-48EE-93A2-AC6FBAA8EBF7}.Debug|x86.ActiveCfg = Debug|Win32
		{B21ACD65-DEA2-48EE-93A2-AC6FBAA8EBF7}.Debug|x86.Build.0 = Debug|Win32
		{B21ACD65-DEA2-48EE-93A2-AC6FBAA8EBF7}.Release|x64.ActiveCfg = Release|x64
		{B21ACD65-DEA2-48EE-93A2-AC6FBAA8EBF7}.Release|x64.Build.0 = Release|x64
		{B21ACD65-DEA2-48EE-93A2-AC6FBAA8EBF7}.Release|x86.ActiveCfg = Release|Win32
		{B21ACD65-DEA2-48EE-93A2-AC6FBAA8EBF7}.Release|x86.Build.0 = Release|Win32
	EndGlobalSection
	GlobalSection(SolutionProperties) = preSolution
		HideSolutionNode = FALSE
	EndGlobalSection
	GlobalSection(ExtensibilityGlobals) = postSolution
		SolutionGuid = {9DAC11EF-AC84-4945-964F-091A4A3D97AE}
	EndGlobalSection
EndGlobal
