
Microsoft Visual Studio Solution File, Format Version 12.00
# Visual Studio Version 16
VisualStudioVersion = 16.0.31105.61
MinimumVisualStudioVersion = 10.0.40219.1
Project("{8BC9CEB8-8B4A-11D0-8D11-00A0C91BC942}") = "1629 곱셈", "1629 곱셈\1629 곱셈.vcxproj", "{2C2E841E-B826-4711-99F0-881F5CCF706D}"
EndProject
Global
	GlobalSection(SolutionConfigurationPlatforms) = preSolution
		Debug|x64 = Debug|x64
		Debug|x86 = Debug|x86
		Release|x64 = Release|x64
		Release|x86 = Release|x86
	EndGlobalSection
	GlobalSection(ProjectConfigurationPlatforms) = postSolution
		{2C2E841E-B826-4711-99F0-881F5CCF706D}.Debug|x64.ActiveCfg = Debug|x64
		{2C2E841E-B826-4711-99F0-881F5CCF706D}.Debug|x64.Build.0 = Debug|x64
		{2C2E841E-B826-4711-99F0-881F5CCF706D}.Debug|x86.ActiveCfg = Debug|Win32
		{2C2E841E-B826-4711-99F0-881F5CCF706D}.Debug|x86.Build.0 = Debug|Win32
		{2C2E841E-B826-4711-99F0-881F5CCF706D}.Release|x64.ActiveCfg = Release|x64
		{2C2E841E-B826-4711-99F0-881F5CCF706D}.Release|x64.Build.0 = Release|x64
		{2C2E841E-B826-4711-99F0-881F5CCF706D}.Release|x86.ActiveCfg = Release|Win32
		{2C2E841E-B826-4711-99F0-881F5CCF706D}.Release|x86.Build.0 = Release|Win32
	EndGlobalSection
	GlobalSection(SolutionProperties) = preSolution
		HideSolutionNode = FALSE
	EndGlobalSection
	GlobalSection(ExtensibilityGlobals) = postSolution
		SolutionGuid = {F1CB29F7-1B07-4E9B-94C8-47EE35AE018B}
	EndGlobalSection
EndGlobal
