
Microsoft Visual Studio Solution File, Format Version 12.00
# Visual Studio Version 16
VisualStudioVersion = 16.0.31105.61
MinimumVisualStudioVersion = 10.0.40219.1
Project("{8BC9CEB8-8B4A-11D0-8D11-00A0C91BC942}") = "11723 집합", "11723 집합\11723 집합.vcxproj", "{D1F62DCF-3970-4424-B6BC-CD6CD77E4B95}"
EndProject
Global
	GlobalSection(SolutionConfigurationPlatforms) = preSolution
		Debug|x64 = Debug|x64
		Debug|x86 = Debug|x86
		Release|x64 = Release|x64
		Release|x86 = Release|x86
	EndGlobalSection
	GlobalSection(ProjectConfigurationPlatforms) = postSolution
		{D1F62DCF-3970-4424-B6BC-CD6CD77E4B95}.Debug|x64.ActiveCfg = Debug|x64
		{D1F62DCF-3970-4424-B6BC-CD6CD77E4B95}.Debug|x64.Build.0 = Debug|x64
		{D1F62DCF-3970-4424-B6BC-CD6CD77E4B95}.Debug|x86.ActiveCfg = Debug|Win32
		{D1F62DCF-3970-4424-B6BC-CD6CD77E4B95}.Debug|x86.Build.0 = Debug|Win32
		{D1F62DCF-3970-4424-B6BC-CD6CD77E4B95}.Release|x64.ActiveCfg = Release|x64
		{D1F62DCF-3970-4424-B6BC-CD6CD77E4B95}.Release|x64.Build.0 = Release|x64
		{D1F62DCF-3970-4424-B6BC-CD6CD77E4B95}.Release|x86.ActiveCfg = Release|Win32
		{D1F62DCF-3970-4424-B6BC-CD6CD77E4B95}.Release|x86.Build.0 = Release|Win32
	EndGlobalSection
	GlobalSection(SolutionProperties) = preSolution
		HideSolutionNode = FALSE
	EndGlobalSection
	GlobalSection(ExtensibilityGlobals) = postSolution
		SolutionGuid = {04F08C7C-6CD9-4E1C-943E-1B86AAC10AA2}
	EndGlobalSection
EndGlobal
