
Microsoft Visual Studio Solution File, Format Version 12.00
# Visual Studio Version 16
VisualStudioVersion = 16.0.31105.61
MinimumVisualStudioVersion = 10.0.40219.1
Project("{8BC9CEB8-8B4A-11D0-8D11-00A0C91BC942}") = "1159 농구경기", "1159 농구경기\1159 농구경기.vcxproj", "{D59A33C7-0E40-4FF9-A407-5D908EA47A83}"
EndProject
Global
	GlobalSection(SolutionConfigurationPlatforms) = preSolution
		Debug|x64 = Debug|x64
		Debug|x86 = Debug|x86
		Release|x64 = Release|x64
		Release|x86 = Release|x86
	EndGlobalSection
	GlobalSection(ProjectConfigurationPlatforms) = postSolution
		{D59A33C7-0E40-4FF9-A407-5D908EA47A83}.Debug|x64.ActiveCfg = Debug|x64
		{D59A33C7-0E40-4FF9-A407-5D908EA47A83}.Debug|x64.Build.0 = Debug|x64
		{D59A33C7-0E40-4FF9-A407-5D908EA47A83}.Debug|x86.ActiveCfg = Debug|Win32
		{D59A33C7-0E40-4FF9-A407-5D908EA47A83}.Debug|x86.Build.0 = Debug|Win32
		{D59A33C7-0E40-4FF9-A407-5D908EA47A83}.Release|x64.ActiveCfg = Release|x64
		{D59A33C7-0E40-4FF9-A407-5D908EA47A83}.Release|x64.Build.0 = Release|x64
		{D59A33C7-0E40-4FF9-A407-5D908EA47A83}.Release|x86.ActiveCfg = Release|Win32
		{D59A33C7-0E40-4FF9-A407-5D908EA47A83}.Release|x86.Build.0 = Release|Win32
	EndGlobalSection
	GlobalSection(SolutionProperties) = preSolution
		HideSolutionNode = FALSE
	EndGlobalSection
	GlobalSection(ExtensibilityGlobals) = postSolution
		SolutionGuid = {61121071-8BA7-47B9-A651-B3515439DE2D}
	EndGlobalSection
EndGlobal
