
Microsoft Visual Studio Solution File, Format Version 12.00
# Visual Studio Version 16
VisualStudioVersion = 16.0.31105.61
MinimumVisualStudioVersion = 10.0.40219.1
Project("{8BC9CEB8-8B4A-11D0-8D11-00A0C91BC942}") = "1371 가장많은 글자", "1371 가장많은 글자\1371 가장많은 글자.vcxproj", "{D45B16BC-0C40-41EA-BF45-DB8B94A27BF3}"
EndProject
Global
	GlobalSection(SolutionConfigurationPlatforms) = preSolution
		Debug|x64 = Debug|x64
		Debug|x86 = Debug|x86
		Release|x64 = Release|x64
		Release|x86 = Release|x86
	EndGlobalSection
	GlobalSection(ProjectConfigurationPlatforms) = postSolution
		{D45B16BC-0C40-41EA-BF45-DB8B94A27BF3}.Debug|x64.ActiveCfg = Debug|x64
		{D45B16BC-0C40-41EA-BF45-DB8B94A27BF3}.Debug|x64.Build.0 = Debug|x64
		{D45B16BC-0C40-41EA-BF45-DB8B94A27BF3}.Debug|x86.ActiveCfg = Debug|Win32
		{D45B16BC-0C40-41EA-BF45-DB8B94A27BF3}.Debug|x86.Build.0 = Debug|Win32
		{D45B16BC-0C40-41EA-BF45-DB8B94A27BF3}.Release|x64.ActiveCfg = Release|x64
		{D45B16BC-0C40-41EA-BF45-DB8B94A27BF3}.Release|x64.Build.0 = Release|x64
		{D45B16BC-0C40-41EA-BF45-DB8B94A27BF3}.Release|x86.ActiveCfg = Release|Win32
		{D45B16BC-0C40-41EA-BF45-DB8B94A27BF3}.Release|x86.Build.0 = Release|Win32
	EndGlobalSection
	GlobalSection(SolutionProperties) = preSolution
		HideSolutionNode = FALSE
	EndGlobalSection
	GlobalSection(ExtensibilityGlobals) = postSolution
		SolutionGuid = {D58DF65A-1BF4-4A51-B7B6-BFEC8F959468}
	EndGlobalSection
EndGlobal
