
Microsoft Visual Studio Solution File, Format Version 12.00
# Visual Studio Version 16
VisualStudioVersion = 16.0.31105.61
MinimumVisualStudioVersion = 10.0.40219.1
Project("{8BC9CEB8-8B4A-11D0-8D11-00A0C91BC942}") = "16165 걸그룹 마스터 준석이", "16165 걸그룹 마스터 준석이\16165 걸그룹 마스터 준석이.vcxproj", "{55DC783F-6AFE-460E-87A4-E43B001EC804}"
EndProject
Global
	GlobalSection(SolutionConfigurationPlatforms) = preSolution
		Debug|x64 = Debug|x64
		Debug|x86 = Debug|x86
		Release|x64 = Release|x64
		Release|x86 = Release|x86
	EndGlobalSection
	GlobalSection(ProjectConfigurationPlatforms) = postSolution
		{55DC783F-6AFE-460E-87A4-E43B001EC804}.Debug|x64.ActiveCfg = Debug|x64
		{55DC783F-6AFE-460E-87A4-E43B001EC804}.Debug|x64.Build.0 = Debug|x64
		{55DC783F-6AFE-460E-87A4-E43B001EC804}.Debug|x86.ActiveCfg = Debug|Win32
		{55DC783F-6AFE-460E-87A4-E43B001EC804}.Debug|x86.Build.0 = Debug|Win32
		{55DC783F-6AFE-460E-87A4-E43B001EC804}.Release|x64.ActiveCfg = Release|x64
		{55DC783F-6AFE-460E-87A4-E43B001EC804}.Release|x64.Build.0 = Release|x64
		{55DC783F-6AFE-460E-87A4-E43B001EC804}.Release|x86.ActiveCfg = Release|Win32
		{55DC783F-6AFE-460E-87A4-E43B001EC804}.Release|x86.Build.0 = Release|Win32
	EndGlobalSection
	GlobalSection(SolutionProperties) = preSolution
		HideSolutionNode = FALSE
	EndGlobalSection
	GlobalSection(ExtensibilityGlobals) = postSolution
		SolutionGuid = {5F70E426-F90B-430C-92AE-E722A7A768ED}
	EndGlobalSection
EndGlobal
