
Microsoft Visual Studio Solution File, Format Version 12.00
# Visual Studio Version 16
VisualStudioVersion = 16.0.31105.61
MinimumVisualStudioVersion = 10.0.40219.1
Project("{8BC9CEB8-8B4A-11D0-8D11-00A0C91BC942}") = "1075 나누기", "1075 나누기\1075 나누기.vcxproj", "{DE4441A9-8B8D-4711-BDF0-0E805EBD439E}"
EndProject
Global
	GlobalSection(SolutionConfigurationPlatforms) = preSolution
		Debug|x64 = Debug|x64
		Debug|x86 = Debug|x86
		Release|x64 = Release|x64
		Release|x86 = Release|x86
	EndGlobalSection
	GlobalSection(ProjectConfigurationPlatforms) = postSolution
		{DE4441A9-8B8D-4711-BDF0-0E805EBD439E}.Debug|x64.ActiveCfg = Debug|x64
		{DE4441A9-8B8D-4711-BDF0-0E805EBD439E}.Debug|x64.Build.0 = Debug|x64
		{DE4441A9-8B8D-4711-BDF0-0E805EBD439E}.Debug|x86.ActiveCfg = Debug|Win32
		{DE4441A9-8B8D-4711-BDF0-0E805EBD439E}.Debug|x86.Build.0 = Debug|Win32
		{DE4441A9-8B8D-4711-BDF0-0E805EBD439E}.Release|x64.ActiveCfg = Release|x64
		{DE4441A9-8B8D-4711-BDF0-0E805EBD439E}.Release|x64.Build.0 = Release|x64
		{DE4441A9-8B8D-4711-BDF0-0E805EBD439E}.Release|x86.ActiveCfg = Release|Win32
		{DE4441A9-8B8D-4711-BDF0-0E805EBD439E}.Release|x86.Build.0 = Release|Win32
	EndGlobalSection
	GlobalSection(SolutionProperties) = preSolution
		HideSolutionNode = FALSE
	EndGlobalSection
	GlobalSection(ExtensibilityGlobals) = postSolution
		SolutionGuid = {8531BE16-FB59-466C-8538-6BBE1B6A2755}
	EndGlobalSection
EndGlobal
