
Microsoft Visual Studio Solution File, Format Version 12.00
# Visual Studio Version 16
VisualStudioVersion = 16.0.32428.217
MinimumVisualStudioVersion = 10.0.40219.1
Project("{8BC9CEB8-8B4A-11D0-8D11-00A0C91BC942}") = "1436 영화감독 숌", "1436 영화감독 숌\1436 영화감독 숌.vcxproj", "{D24075A0-C0F3-4CFF-A2E0-F9914421496D}"
EndProject
Global
	GlobalSection(SolutionConfigurationPlatforms) = preSolution
		Debug|x64 = Debug|x64
		Debug|x86 = Debug|x86
		Release|x64 = Release|x64
		Release|x86 = Release|x86
	EndGlobalSection
	GlobalSection(ProjectConfigurationPlatforms) = postSolution
		{D24075A0-C0F3-4CFF-A2E0-F9914421496D}.Debug|x64.ActiveCfg = Debug|x64
		{D24075A0-C0F3-4CFF-A2E0-F9914421496D}.Debug|x64.Build.0 = Debug|x64
		{D24075A0-C0F3-4CFF-A2E0-F9914421496D}.Debug|x86.ActiveCfg = Debug|Win32
		{D24075A0-C0F3-4CFF-A2E0-F9914421496D}.Debug|x86.Build.0 = Debug|Win32
		{D24075A0-C0F3-4CFF-A2E0-F9914421496D}.Release|x64.ActiveCfg = Release|x64
		{D24075A0-C0F3-4CFF-A2E0-F9914421496D}.Release|x64.Build.0 = Release|x64
		{D24075A0-C0F3-4CFF-A2E0-F9914421496D}.Release|x86.ActiveCfg = Release|Win32
		{D24075A0-C0F3-4CFF-A2E0-F9914421496D}.Release|x86.Build.0 = Release|Win32
	EndGlobalSection
	GlobalSection(SolutionProperties) = preSolution
		HideSolutionNode = FALSE
	EndGlobalSection
	GlobalSection(ExtensibilityGlobals) = postSolution
		SolutionGuid = {8577CC93-EE65-40F2-B6E8-824454FABFE1}
	EndGlobalSection
EndGlobal
