
Microsoft Visual Studio Solution File, Format Version 12.00
# Visual Studio Version 16
VisualStudioVersion = 16.0.32428.217
MinimumVisualStudioVersion = 10.0.40219.1
Project("{8BC9CEB8-8B4A-11D0-8D11-00A0C91BC942}") = "16953 A~B", "16953 A~B\16953 A~B.vcxproj", "{844E9734-4402-473C-A5D6-A9CE685176CE}"
EndProject
Global
	GlobalSection(SolutionConfigurationPlatforms) = preSolution
		Debug|x64 = Debug|x64
		Debug|x86 = Debug|x86
		Release|x64 = Release|x64
		Release|x86 = Release|x86
	EndGlobalSection
	GlobalSection(ProjectConfigurationPlatforms) = postSolution
		{844E9734-4402-473C-A5D6-A9CE685176CE}.Debug|x64.ActiveCfg = Debug|x64
		{844E9734-4402-473C-A5D6-A9CE685176CE}.Debug|x64.Build.0 = Debug|x64
		{844E9734-4402-473C-A5D6-A9CE685176CE}.Debug|x86.ActiveCfg = Debug|Win32
		{844E9734-4402-473C-A5D6-A9CE685176CE}.Debug|x86.Build.0 = Debug|Win32
		{844E9734-4402-473C-A5D6-A9CE685176CE}.Release|x64.ActiveCfg = Release|x64
		{844E9734-4402-473C-A5D6-A9CE685176CE}.Release|x64.Build.0 = Release|x64
		{844E9734-4402-473C-A5D6-A9CE685176CE}.Release|x86.ActiveCfg = Release|Win32
		{844E9734-4402-473C-A5D6-A9CE685176CE}.Release|x86.Build.0 = Release|Win32
	EndGlobalSection
	GlobalSection(SolutionProperties) = preSolution
		HideSolutionNode = FALSE
	EndGlobalSection
	GlobalSection(ExtensibilityGlobals) = postSolution
		SolutionGuid = {C8DA0201-10B1-4833-8591-CD2E7F498080}
	EndGlobalSection
EndGlobal
