
Microsoft Visual Studio Solution File, Format Version 12.00
# Visual Studio Version 16
VisualStudioVersion = 16.0.32428.217
MinimumVisualStudioVersion = 10.0.40219.1
Project("{8BC9CEB8-8B4A-11D0-8D11-00A0C91BC942}") = "1956 운동", "1956 운동\1956 운동.vcxproj", "{A5C7034D-4249-4490-986D-3FA4D1BE81B5}"
EndProject
Global
	GlobalSection(SolutionConfigurationPlatforms) = preSolution
		Debug|x64 = Debug|x64
		Debug|x86 = Debug|x86
		Release|x64 = Release|x64
		Release|x86 = Release|x86
	EndGlobalSection
	GlobalSection(ProjectConfigurationPlatforms) = postSolution
		{A5C7034D-4249-4490-986D-3FA4D1BE81B5}.Debug|x64.ActiveCfg = Debug|x64
		{A5C7034D-4249-4490-986D-3FA4D1BE81B5}.Debug|x64.Build.0 = Debug|x64
		{A5C7034D-4249-4490-986D-3FA4D1BE81B5}.Debug|x86.ActiveCfg = Debug|Win32
		{A5C7034D-4249-4490-986D-3FA4D1BE81B5}.Debug|x86.Build.0 = Debug|Win32
		{A5C7034D-4249-4490-986D-3FA4D1BE81B5}.Release|x64.ActiveCfg = Release|x64
		{A5C7034D-4249-4490-986D-3FA4D1BE81B5}.Release|x64.Build.0 = Release|x64
		{A5C7034D-4249-4490-986D-3FA4D1BE81B5}.Release|x86.ActiveCfg = Release|Win32
		{A5C7034D-4249-4490-986D-3FA4D1BE81B5}.Release|x86.Build.0 = Release|Win32
	EndGlobalSection
	GlobalSection(SolutionProperties) = preSolution
		HideSolutionNode = FALSE
	EndGlobalSection
	GlobalSection(ExtensibilityGlobals) = postSolution
		SolutionGuid = {5B40D58D-C87F-4D01-8C60-93C7F5F35037}
	EndGlobalSection
EndGlobal
