
Microsoft Visual Studio Solution File, Format Version 12.00
# Visual Studio Version 16
VisualStudioVersion = 16.0.31105.61
MinimumVisualStudioVersion = 10.0.40219.1
Project("{8BC9CEB8-8B4A-11D0-8D11-00A0C91BC942}") = "1668 트로피 진열", "1668 트로피 진열\1668 트로피 진열.vcxproj", "{28CC4BCE-2382-42C5-BC3C-9B7F1E5F3E00}"
EndProject
Global
	GlobalSection(SolutionConfigurationPlatforms) = preSolution
		Debug|x64 = Debug|x64
		Debug|x86 = Debug|x86
		Release|x64 = Release|x64
		Release|x86 = Release|x86
	EndGlobalSection
	GlobalSection(ProjectConfigurationPlatforms) = postSolution
		{28CC4BCE-2382-42C5-BC3C-9B7F1E5F3E00}.Debug|x64.ActiveCfg = Debug|x64
		{28CC4BCE-2382-42C5-BC3C-9B7F1E5F3E00}.Debug|x64.Build.0 = Debug|x64
		{28CC4BCE-2382-42C5-BC3C-9B7F1E5F3E00}.Debug|x86.ActiveCfg = Debug|Win32
		{28CC4BCE-2382-42C5-BC3C-9B7F1E5F3E00}.Debug|x86.Build.0 = Debug|Win32
		{28CC4BCE-2382-42C5-BC3C-9B7F1E5F3E00}.Release|x64.ActiveCfg = Release|x64
		{28CC4BCE-2382-42C5-BC3C-9B7F1E5F3E00}.Release|x64.Build.0 = Release|x64
		{28CC4BCE-2382-42C5-BC3C-9B7F1E5F3E00}.Release|x86.ActiveCfg = Release|Win32
		{28CC4BCE-2382-42C5-BC3C-9B7F1E5F3E00}.Release|x86.Build.0 = Release|Win32
	EndGlobalSection
	GlobalSection(SolutionProperties) = preSolution
		HideSolutionNode = FALSE
	EndGlobalSection
	GlobalSection(ExtensibilityGlobals) = postSolution
		SolutionGuid = {AAE39B21-CC5B-4052-BF69-3109B304FF72}
	EndGlobalSection
EndGlobal
