
Microsoft Visual Studio Solution File, Format Version 12.00
# Visual Studio Version 16
VisualStudioVersion = 16.0.31105.61
MinimumVisualStudioVersion = 10.0.40219.1
Project("{8BC9CEB8-8B4A-11D0-8D11-00A0C91BC942}") = "1351 무한수열", "1351 무한수열\1351 무한수열.vcxproj", "{28F8525E-C87D-4130-9B83-175592A389FD}"
EndProject
Global
	GlobalSection(SolutionConfigurationPlatforms) = preSolution
		Debug|x64 = Debug|x64
		Debug|x86 = Debug|x86
		Release|x64 = Release|x64
		Release|x86 = Release|x86
	EndGlobalSection
	GlobalSection(ProjectConfigurationPlatforms) = postSolution
		{28F8525E-C87D-4130-9B83-175592A389FD}.Debug|x64.ActiveCfg = Debug|x64
		{28F8525E-C87D-4130-9B83-175592A389FD}.Debug|x64.Build.0 = Debug|x64
		{28F8525E-C87D-4130-9B83-175592A389FD}.Debug|x86.ActiveCfg = Debug|Win32
		{28F8525E-C87D-4130-9B83-175592A389FD}.Debug|x86.Build.0 = Debug|Win32
		{28F8525E-C87D-4130-9B83-175592A389FD}.Release|x64.ActiveCfg = Release|x64
		{28F8525E-C87D-4130-9B83-175592A389FD}.Release|x64.Build.0 = Release|x64
		{28F8525E-C87D-4130-9B83-175592A389FD}.Release|x86.ActiveCfg = Release|Win32
		{28F8525E-C87D-4130-9B83-175592A389FD}.Release|x86.Build.0 = Release|Win32
	EndGlobalSection
	GlobalSection(SolutionProperties) = preSolution
		HideSolutionNode = FALSE
	EndGlobalSection
	GlobalSection(ExtensibilityGlobals) = postSolution
		SolutionGuid = {BBF7839E-58FB-4805-A839-9EDD4CB1A494}
	EndGlobalSection
EndGlobal
