
Microsoft Visual Studio Solution File, Format Version 12.00
# Visual Studio Version 16
VisualStudioVersion = 16.0.32428.217
MinimumVisualStudioVersion = 10.0.40219.1
Project("{8BC9CEB8-8B4A-11D0-8D11-00A0C91BC942}") = "14659 한조서열정리하고옴ㅋ", "14659 한조서열정리하고옴ㅋ\14659 한조서열정리하고옴ㅋ.vcxproj", "{A7071227-E686-422D-966D-8F525D29984A}"
EndProject
Global
	GlobalSection(SolutionConfigurationPlatforms) = preSolution
		Debug|x64 = Debug|x64
		Debug|x86 = Debug|x86
		Release|x64 = Release|x64
		Release|x86 = Release|x86
	EndGlobalSection
	GlobalSection(ProjectConfigurationPlatforms) = postSolution
		{A7071227-E686-422D-966D-8F525D29984A}.Debug|x64.ActiveCfg = Debug|x64
		{A7071227-E686-422D-966D-8F525D29984A}.Debug|x64.Build.0 = Debug|x64
		{A7071227-E686-422D-966D-8F525D29984A}.Debug|x86.ActiveCfg = Debug|Win32
		{A7071227-E686-422D-966D-8F525D29984A}.Debug|x86.Build.0 = Debug|Win32
		{A7071227-E686-422D-966D-8F525D29984A}.Release|x64.ActiveCfg = Release|x64
		{A7071227-E686-422D-966D-8F525D29984A}.Release|x64.Build.0 = Release|x64
		{A7071227-E686-422D-966D-8F525D29984A}.Release|x86.ActiveCfg = Release|Win32
		{A7071227-E686-422D-966D-8F525D29984A}.Release|x86.Build.0 = Release|Win32
	EndGlobalSection
	GlobalSection(SolutionProperties) = preSolution
		HideSolutionNode = FALSE
	EndGlobalSection
	GlobalSection(ExtensibilityGlobals) = postSolution
		SolutionGuid = {1069EA96-ED05-4B2E-A685-1D9E0F57F762}
	EndGlobalSection
EndGlobal
